
Microsoft Visual Studio Solution File, Format Version 12.00
Project("{FAE04EC0-301F-11D3-BF4B-00C04F79EFBC}") = "DatabaseProvisioner", "DatabaseProvisioner\DatabaseProvisioner.csproj", "{7D625636-22A3-421C-92D7-181D6969E683}"
EndProject
Global
	GlobalSection(SolutionConfigurationPlatforms) = preSolution
		Debug|Any CPU = Debug|Any CPU
		Release|Any CPU = Release|Any CPU
	EndGlobalSection
	GlobalSection(ProjectConfigurationPlatforms) = postSolution
		{7D625636-22A3-421C-92D7-181D6969E683}.Debug|Any CPU.ActiveCfg = Debug|Any CPU
		{7D625636-22A3-421C-92D7-181D6969E683}.Debug|Any CPU.Build.0 = Debug|Any CPU
		{7D625636-22A3-421C-92D7-181D6969E683}.Release|Any CPU.ActiveCfg = Release|Any CPU
		{7D625636-22A3-421C-92D7-181D6969E683}.Release|Any CPU.Build.0 = Release|Any CPU
	EndGlobalSection
EndGlobal
